
Microsoft Visual Studio Solution File, Format Version 12.00
# Visual Studio Version 17
VisualStudioVersion = 17.13.35931.197 d17.13
MinimumVisualStudioVersion = 10.0.40219.1
Project("{FAE04EC0-301F-11D3-BF4B-00C04F79EFBC}") = "linq-to-entities", "linq-to-entities\linq-to-entities.csproj", "{5BB42DC7-FC3E-4A1D-8C8E-5FFBE3A633F5}"
EndProject
Project("{FAE04EC0-301F-11D3-BF4B-00C04F79EFBC}") = "linq-to-xml", "linq-to-xml\linq-to-xml.csproj", "{436403DC-ED33-4766-9AF2-39202025345D}"
EndProject
Project("{FAE04EC0-301F-11D3-BF4B-00C04F79EFBC}") = "linq-to-json", "linq-to-json\linq-to-json.csproj", "{DA2ABFA7-D0FC-4457-8C92-3C3F3E5ED46E}"
EndProject
Project("{FAE04EC0-301F-11D3-BF4B-00C04F79EFBC}") = "linq-to-objects", "linq-to-objects\linq-to-objects.csproj", "{A568B18A-9904-4FF1-8D7C-CE1132CDA3E2}"
EndProject
Project("{FAE04EC0-301F-11D3-BF4B-00C04F79EFBC}") = "linq-to-execute", "linq-to-execute\linq-to-execute.csproj", "{288B369B-D7D0-4BEC-A1C8-6474D7FB3295}"
EndProject
Global
	GlobalSection(SolutionConfigurationPlatforms) = preSolution
		Debug|Any CPU = Debug|Any CPU
		Release|Any CPU = Release|Any CPU
	EndGlobalSection
	GlobalSection(ProjectConfigurationPlatforms) = postSolution
		{5BB42DC7-FC3E-4A1D-8C8E-5FFBE3A633F5}.Debug|Any CPU.ActiveCfg = Debug|Any CPU
		{5BB42DC7-FC3E-4A1D-8C8E-5FFBE3A633F5}.Debug|Any CPU.Build.0 = Debug|Any CPU
		{5BB42DC7-FC3E-4A1D-8C8E-5FFBE3A633F5}.Release|Any CPU.ActiveCfg = Release|Any CPU
		{5BB42DC7-FC3E-4A1D-8C8E-5FFBE3A633F5}.Release|Any CPU.Build.0 = Release|Any CPU
		{436403DC-ED33-4766-9AF2-39202025345D}.Debug|Any CPU.ActiveCfg = Debug|Any CPU
		{436403DC-ED33-4766-9AF2-39202025345D}.Debug|Any CPU.Build.0 = Debug|Any CPU
		{436403DC-ED33-4766-9AF2-39202025345D}.Release|Any CPU.ActiveCfg = Release|Any CPU
		{436403DC-ED33-4766-9AF2-39202025345D}.Release|Any CPU.Build.0 = Release|Any CPU
		{DA2ABFA7-D0FC-4457-8C92-3C3F3E5ED46E}.Debug|Any CPU.ActiveCfg = Debug|Any CPU
		{DA2ABFA7-D0FC-4457-8C92-3C3F3E5ED46E}.Debug|Any CPU.Build.0 = Debug|Any CPU
		{DA2ABFA7-D0FC-4457-8C92-3C3F3E5ED46E}.Release|Any CPU.ActiveCfg = Release|Any CPU
		{DA2ABFA7-D0FC-4457-8C92-3C3F3E5ED46E}.Release|Any CPU.Build.0 = Release|Any CPU
		{A568B18A-9904-4FF1-8D7C-CE1132CDA3E2}.Debug|Any CPU.ActiveCfg = Debug|Any CPU
		{A568B18A-9904-4FF1-8D7C-CE1132CDA3E2}.Debug|Any CPU.Build.0 = Debug|Any CPU
		{A568B18A-9904-4FF1-8D7C-CE1132CDA3E2}.Release|Any CPU.ActiveCfg = Release|Any CPU
		{A568B18A-9904-4FF1-8D7C-CE1132CDA3E2}.Release|Any CPU.Build.0 = Release|Any CPU
		{288B369B-D7D0-4BEC-A1C8-6474D7FB3295}.Debug|Any CPU.ActiveCfg = Debug|Any CPU
		{288B369B-D7D0-4BEC-A1C8-6474D7FB3295}.Debug|Any CPU.Build.0 = Debug|Any CPU
		{288B369B-D7D0-4BEC-A1C8-6474D7FB3295}.Release|Any CPU.ActiveCfg = Release|Any CPU
		{288B369B-D7D0-4BEC-A1C8-6474D7FB3295}.Release|Any CPU.Build.0 = Release|Any CPU
	EndGlobalSection
	GlobalSection(SolutionProperties) = preSolution
		HideSolutionNode = FALSE
	EndGlobalSection
	GlobalSection(ExtensibilityGlobals) = postSolution
		SolutionGuid = {D04EB098-5B94-4D45-A4FB-A4413849E136}
	EndGlobalSection
EndGlobal
